
Microsoft Visual Studio Solution File, Format Version 12.00
# Visual Studio 15
VisualStudioVersion = 15.0.27004.2005
MinimumVisualStudioVersion = 10.0.40219.1
Project("{FAE04EC0-301F-11D3-BF4B-00C04F79EFBC}") = "EnsoCosmoQuiz.AspNet", "EnsoCosmoQuiz.AspNet\EnsoCosmoQuiz.AspNet.csproj", "{A613D2FF-40BD-442D-9CAB-4847E350458E}"
EndProject
Project("{9A19103F-16F7-4668-BE54-9A1E7A4F7556}") = "EnsoCosmoQuiz.AspNetCore", "EnsoCosmoQuiz.AspNetCore\EnsoCosmoQuiz.AspNetCore.csproj", "{406B40E2-465F-4ADB-8CA0-BA854AD51AA7}"
EndProject
Global
	GlobalSection(SolutionConfigurationPlatforms) = preSolution
		Debug|Any CPU = Debug|Any CPU
		Release|Any CPU = Release|Any CPU
	EndGlobalSection
	GlobalSection(ProjectConfigurationPlatforms) = postSolution
		{A613D2FF-40BD-442D-9CAB-4847E350458E}.Debug|Any CPU.ActiveCfg = Debug|Any CPU
		{A613D2FF-40BD-442D-9CAB-4847E350458E}.Debug|Any CPU.Build.0 = Debug|Any CPU
		{A613D2FF-40BD-442D-9CAB-4847E350458E}.Release|Any CPU.ActiveCfg = Release|Any CPU
		{A613D2FF-40BD-442D-9CAB-4847E350458E}.Release|Any CPU.Build.0 = Release|Any CPU
		{406B40E2-465F-4ADB-8CA0-BA854AD51AA7}.Debug|Any CPU.ActiveCfg = Debug|Any CPU
		{406B40E2-465F-4ADB-8CA0-BA854AD51AA7}.Debug|Any CPU.Build.0 = Debug|Any CPU
		{406B40E2-465F-4ADB-8CA0-BA854AD51AA7}.Release|Any CPU.ActiveCfg = Release|Any CPU
		{406B40E2-465F-4ADB-8CA0-BA854AD51AA7}.Release|Any CPU.Build.0 = Release|Any CPU
	EndGlobalSection
	GlobalSection(SolutionProperties) = preSolution
		HideSolutionNode = FALSE
	EndGlobalSection
	GlobalSection(ExtensibilityGlobals) = postSolution
		SolutionGuid = {8862D403-D99A-4781-9F6D-94F04EED83BD}
	EndGlobalSection
EndGlobal
